
Microsoft Visual Studio Solution File, Format Version 12.00
# Visual Studio 15
VisualStudioVersion = 15.0.26124.0
MinimumVisualStudioVersion = 15.0.26124.0
Project("{2150E333-8FDC-42A3-9474-1A3956D46DE8}") = "src", "src", "{6EDE2621-7AA5-4056-BE67-F2E36D46F2F5}"
EndProject
Project("{FAE04EC0-301F-11D3-BF4B-00C04F79EFBC}") = "StrInLangStar", "src\StrInLangStar\StrInLangStar.csproj", "{1A0CBE3D-7851-40D7-8DEC-AE1B3DF55C39}"
EndProject
Project("{FAE04EC0-301F-11D3-BF4B-00C04F79EFBC}") = "Graph", "src\Graph\Graph.csproj", "{755FF6A5-B4B4-49F6-AF49-3B6DEADDACFE}"
EndProject
Project("{2150E333-8FDC-42A3-9474-1A3956D46DE8}") = "tests", "tests", "{E9381CF1-2E72-43E9-98CB-93E626A308F2}"
EndProject
Project("{FAE04EC0-301F-11D3-BF4B-00C04F79EFBC}") = "Graph.Tests", "tests\Graph.Tests\Graph.Tests.csproj", "{46FC6EB9-0AD6-4073-B4D8-255727A7097D}"
EndProject
Global
	GlobalSection(SolutionConfigurationPlatforms) = preSolution
		Debug|Any CPU = Debug|Any CPU
		Debug|x64 = Debug|x64
		Debug|x86 = Debug|x86
		Release|Any CPU = Release|Any CPU
		Release|x64 = Release|x64
		Release|x86 = Release|x86
	EndGlobalSection
	GlobalSection(SolutionProperties) = preSolution
		HideSolutionNode = FALSE
	EndGlobalSection
	GlobalSection(ProjectConfigurationPlatforms) = postSolution
		{1A0CBE3D-7851-40D7-8DEC-AE1B3DF55C39}.Debug|Any CPU.ActiveCfg = Debug|Any CPU
		{1A0CBE3D-7851-40D7-8DEC-AE1B3DF55C39}.Debug|Any CPU.Build.0 = Debug|Any CPU
		{1A0CBE3D-7851-40D7-8DEC-AE1B3DF55C39}.Debug|x64.ActiveCfg = Debug|Any CPU
		{1A0CBE3D-7851-40D7-8DEC-AE1B3DF55C39}.Debug|x64.Build.0 = Debug|Any CPU
		{1A0CBE3D-7851-40D7-8DEC-AE1B3DF55C39}.Debug|x86.ActiveCfg = Debug|Any CPU
		{1A0CBE3D-7851-40D7-8DEC-AE1B3DF55C39}.Debug|x86.Build.0 = Debug|Any CPU
		{1A0CBE3D-7851-40D7-8DEC-AE1B3DF55C39}.Release|Any CPU.ActiveCfg = Release|Any CPU
		{1A0CBE3D-7851-40D7-8DEC-AE1B3DF55C39}.Release|Any CPU.Build.0 = Release|Any CPU
		{1A0CBE3D-7851-40D7-8DEC-AE1B3DF55C39}.Release|x64.ActiveCfg = Release|Any CPU
		{1A0CBE3D-7851-40D7-8DEC-AE1B3DF55C39}.Release|x64.Build.0 = Release|Any CPU
		{1A0CBE3D-7851-40D7-8DEC-AE1B3DF55C39}.Release|x86.ActiveCfg = Release|Any CPU
		{1A0CBE3D-7851-40D7-8DEC-AE1B3DF55C39}.Release|x86.Build.0 = Release|Any CPU
		{755FF6A5-B4B4-49F6-AF49-3B6DEADDACFE}.Debug|Any CPU.ActiveCfg = Debug|Any CPU
		{755FF6A5-B4B4-49F6-AF49-3B6DEADDACFE}.Debug|Any CPU.Build.0 = Debug|Any CPU
		{755FF6A5-B4B4-49F6-AF49-3B6DEADDACFE}.Debug|x64.ActiveCfg = Debug|Any CPU
		{755FF6A5-B4B4-49F6-AF49-3B6DEADDACFE}.Debug|x64.Build.0 = Debug|Any CPU
		{755FF6A5-B4B4-49F6-AF49-3B6DEADDACFE}.Debug|x86.ActiveCfg = Debug|Any CPU
		{755FF6A5-B4B4-49F6-AF49-3B6DEADDACFE}.Debug|x86.Build.0 = Debug|Any CPU
		{755FF6A5-B4B4-49F6-AF49-3B6DEADDACFE}.Release|Any CPU.ActiveCfg = Release|Any CPU
		{755FF6A5-B4B4-49F6-AF49-3B6DEADDACFE}.Release|Any CPU.Build.0 = Release|Any CPU
		{755FF6A5-B4B4-49F6-AF49-3B6DEADDACFE}.Release|x64.ActiveCfg = Release|Any CPU
		{755FF6A5-B4B4-49F6-AF49-3B6DEADDACFE}.Release|x64.Build.0 = Release|Any CPU
		{755FF6A5-B4B4-49F6-AF49-3B6DEADDACFE}.Release|x86.ActiveCfg = Release|Any CPU
		{755FF6A5-B4B4-49F6-AF49-3B6DEADDACFE}.Release|x86.Build.0 = Release|Any CPU
		{46FC6EB9-0AD6-4073-B4D8-255727A7097D}.Debug|Any CPU.ActiveCfg = Debug|Any CPU
		{46FC6EB9-0AD6-4073-B4D8-255727A7097D}.Debug|Any CPU.Build.0 = Debug|Any CPU
		{46FC6EB9-0AD6-4073-B4D8-255727A7097D}.Debug|x64.ActiveCfg = Debug|Any CPU
		{46FC6EB9-0AD6-4073-B4D8-255727A7097D}.Debug|x64.Build.0 = Debug|Any CPU
		{46FC6EB9-0AD6-4073-B4D8-255727A7097D}.Debug|x86.ActiveCfg = Debug|Any CPU
		{46FC6EB9-0AD6-4073-B4D8-255727A7097D}.Debug|x86.Build.0 = Debug|Any CPU
		{46FC6EB9-0AD6-4073-B4D8-255727A7097D}.Release|Any CPU.ActiveCfg = Release|Any CPU
		{46FC6EB9-0AD6-4073-B4D8-255727A7097D}.Release|Any CPU.Build.0 = Release|Any CPU
		{46FC6EB9-0AD6-4073-B4D8-255727A7097D}.Release|x64.ActiveCfg = Release|Any CPU
		{46FC6EB9-0AD6-4073-B4D8-255727A7097D}.Release|x64.Build.0 = Release|Any CPU
		{46FC6EB9-0AD6-4073-B4D8-255727A7097D}.Release|x86.ActiveCfg = Release|Any CPU
		{46FC6EB9-0AD6-4073-B4D8-255727A7097D}.Release|x86.Build.0 = Release|Any CPU
	EndGlobalSection
	GlobalSection(NestedProjects) = preSolution
		{1A0CBE3D-7851-40D7-8DEC-AE1B3DF55C39} = {6EDE2621-7AA5-4056-BE67-F2E36D46F2F5}
		{755FF6A5-B4B4-49F6-AF49-3B6DEADDACFE} = {6EDE2621-7AA5-4056-BE67-F2E36D46F2F5}
		{46FC6EB9-0AD6-4073-B4D8-255727A7097D} = {E9381CF1-2E72-43E9-98CB-93E626A308F2}
	EndGlobalSection
EndGlobal
